{
  "requires": true,
  "lockfileVersion": 1,
  "dependencies": {
    "angular": {
      "version": "1.6.6",
      "resolved": "https://registry.npmjs.org/angular/-/angular-1.6.6.tgz",
      "integrity": "sha1-/Vo8+0N844LYVO4BEgeXl4Uny2Q="
    },
    "angular-qrcode": {
      "version": "7.2.0",
      "resolved": "https://registry.npmjs.org/angular-qrcode/-/angular-qrcode-7.2.0.tgz",
      "integrity": "sha1-xueeGwbGcqWaBrZbSrRl3SnmP8Y=",
      "requires": {
        "angular": "1.6.6",
        "qrcode-generator": "1.3.1"
      }
    },
    "qrcode-generator": {
      "version": "1.3.1",
      "resolved": "https://registry.npmjs.org/qrcode-generator/-/qrcode-generator-1.3.1.tgz",
      "integrity": "sha1-7ty+lnzrpVhfD0uNnXkWlhozU2k="
    }
  }
}
